
Microsoft Visual Studio Solution File, Format Version 12.00
# Visual Studio Version 16
VisualStudioVersion = 16.0.29911.84
MinimumVisualStudioVersion = 10.0.40219.1
Project("{FAE04EC0-301F-11D3-BF4B-00C04F79EFBC}") = "UpraviteljPodataka", "UpraviteljPodataka\UpraviteljPodataka.csproj", "{EA07BA77-4BB5-4ACD-87FE-62B3FB477541}"
EndProject
Global
	GlobalSection(SolutionConfigurationPlatforms) = preSolution
		Debug|Any CPU = Debug|Any CPU
		Release|Any CPU = Release|Any CPU
	EndGlobalSection
	GlobalSection(ProjectConfigurationPlatforms) = postSolution
		{EA07BA77-4BB5-4ACD-87FE-62B3FB477541}.Debug|Any CPU.ActiveCfg = Debug|Any CPU
		{EA07BA77-4BB5-4ACD-87FE-62B3FB477541}.Debug|Any CPU.Build.0 = Debug|Any CPU
		{EA07BA77-4BB5-4ACD-87FE-62B3FB477541}.Release|Any CPU.ActiveCfg = Release|Any CPU
		{EA07BA77-4BB5-4ACD-87FE-62B3FB477541}.Release|Any CPU.Build.0 = Release|Any CPU
	EndGlobalSection
	GlobalSection(SolutionProperties) = preSolution
		HideSolutionNode = FALSE
	EndGlobalSection
	GlobalSection(ExtensibilityGlobals) = postSolution
		SolutionGuid = {0CDC8A51-EC34-4612-A138-E7E7D9115C6F}
	EndGlobalSection
EndGlobal
